{
  "name": "alf.io-app",
  "version": "1.4.0",
  "lockfileVersion": 1,
  "requires": true,
  "dependencies": {
    "@nativescript/android": {
      "version": "8.0.0",
      "resolved": "https://registry.npmjs.org/@nativescript/android/-/android-8.0.0.tgz",
      "integrity": "sha512-p7eGwmE2+EvkQ4vt4scIrWqVuXytKv+GiHofrVRME1zUaTNMLSdB9ZyQOukfIvCx09iIufD42wN2a0IkgcDBvw==",
      "dev": true
    },
    "@nativescript/ios": {
      "version": "8.0.0",
      "resolved": "https://registry.npmjs.org/@nativescript/ios/-/ios-8.0.0.tgz",
      "integrity": "sha512-gmAl+Jy022tH8XaOURzEd3WuhA8kkppK0MjNqDu6eidc1llILQ+/s6JyTK6Q2l63F5rXFlGtm/Wxkot+SIzV9g==",
      "dev": true
    }
  }
}
